
Microsoft Visual Studio Solution File, Format Version 12.00
# Visual Studio 14
VisualStudioVersion = 14.0.25420.1
MinimumVisualStudioVersion = 10.0.40219.1
Project("{FAE04EC0-301F-11D3-BF4B-00C04F79EFBC}") = "Pierre.Droid", "App2\App2.Droid\Pierre.Droid.csproj", "{1DF41CA3-28EC-48F0-8AC8-BC93E0F65284}"
EndProject
Project("{FAE04EC0-301F-11D3-BF4B-00C04F79EFBC}") = "App2.iOS", "App2\App2.iOS\App2.iOS.csproj", "{066B1E98-CD69-43C9-B05F-41F28B1F36B7}"
EndProject
Project("{FAE04EC0-301F-11D3-BF4B-00C04F79EFBC}") = "App2.WinPhone", "App2\App2.WinPhone\App2.WinPhone.csproj", "{C6D3DA63-6745-4C73-9E02-6596AAAEBEA8}"
EndProject
Project("{FAE04EC0-301F-11D3-BF4B-00C04F79EFBC}") = "Pierre.UWP", "App2\App2.UWP\Pierre.UWP.csproj", "{007AE332-6AB5-440D-8DFB-06A6CFE95028}"
EndProject
Project("{FAE04EC0-301F-11D3-BF4B-00C04F79EFBC}") = "App2.Windows", "App2\App2.Windows\App2.Windows.csproj", "{BA26A672-00DE-43DB-BC68-1AB73885292C}"
EndProject
Project("{FAE04EC0-301F-11D3-BF4B-00C04F79EFBC}") = "Pierre", "App2\App2\Pierre.csproj", "{1AFBDA72-F09A-4B41-8A76-95AD33D0C322}"
EndProject
Project("{2150E333-8FDC-42A3-9474-1A3956D46DE8}") = "Solution Items", "Solution Items", "{DB60B793-042A-42E9-8EE0-90BC4C6ED8BC}"
EndProject
Global
	GlobalSection(SolutionConfigurationPlatforms) = preSolution
		Ad-Hoc|Any CPU = Ad-Hoc|Any CPU
		Ad-Hoc|ARM = Ad-Hoc|ARM
		Ad-Hoc|iPhone = Ad-Hoc|iPhone
		Ad-Hoc|iPhoneSimulator = Ad-Hoc|iPhoneSimulator
		Ad-Hoc|x64 = Ad-Hoc|x64
		Ad-Hoc|x86 = Ad-Hoc|x86
		AppStore|Any CPU = AppStore|Any CPU
		AppStore|ARM = AppStore|ARM
		AppStore|iPhone = AppStore|iPhone
		AppStore|iPhoneSimulator = AppStore|iPhoneSimulator
		AppStore|x64 = AppStore|x64
		AppStore|x86 = AppStore|x86
		Debug|Any CPU = Debug|Any CPU
		Debug|ARM = Debug|ARM
		Debug|iPhone = Debug|iPhone
		Debug|iPhoneSimulator = Debug|iPhoneSimulator
		Debug|x64 = Debug|x64
		Debug|x86 = Debug|x86
		Release|Any CPU = Release|Any CPU
		Release|ARM = Release|ARM
		Release|iPhone = Release|iPhone
		Release|iPhoneSimulator = Release|iPhoneSimulator
		Release|x64 = Release|x64
		Release|x86 = Release|x86
	EndGlobalSection
	GlobalSection(ProjectConfigurationPlatforms) = postSolution
		{1DF41CA3-28EC-48F0-8AC8-BC93E0F65284}.Ad-Hoc|Any CPU.ActiveCfg = Release|Any CPU
		{1DF41CA3-28EC-48F0-8AC8-BC93E0F65284}.Ad-Hoc|Any CPU.Build.0 = Release|Any CPU
		{1DF41CA3-28EC-48F0-8AC8-BC93E0F65284}.Ad-Hoc|Any CPU.Deploy.0 = Release|Any CPU
		{1DF41CA3-28EC-48F0-8AC8-BC93E0F65284}.Ad-Hoc|ARM.ActiveCfg = Release|Any CPU
		{1DF41CA3-28EC-48F0-8AC8-BC93E0F65284}.Ad-Hoc|ARM.Build.0 = Release|Any CPU
		{1DF41CA3-28EC-48F0-8AC8-BC93E0F65284}.Ad-Hoc|ARM.Deploy.0 = Release|Any CPU
		{1DF41CA3-28EC-48F0-8AC8-BC93E0F65284}.Ad-Hoc|iPhone.ActiveCfg = Release|Any CPU
		{1DF41CA3-28EC-48F0-8AC8-BC93E0F65284}.Ad-Hoc|iPhone.Build.0 = Release|Any CPU
		{1DF41CA3-28EC-48F0-8AC8-BC93E0F65284}.Ad-Hoc|iPhone.Deploy.0 = Release|Any CPU
		{1DF41CA3-28EC-48F0-8AC8-BC93E0F65284}.Ad-Hoc|iPhoneSimulator.ActiveCfg = Release|Any CPU
		{1DF41CA3-28EC-48F0-8AC8-BC93E0F65284}.Ad-Hoc|iPhoneSimulator.Build.0 = Release|Any CPU
		{1DF41CA3-28EC-48F0-8AC8-BC93E0F65284}.Ad-Hoc|iPhoneSimulator.Deploy.0 = Release|Any CPU
		{1DF41CA3-28EC-48F0-8AC8-BC93E0F65284}.Ad-Hoc|x64.ActiveCfg = Release|Any CPU
		{1DF41CA3-28EC-48F0-8AC8-BC93E0F65284}.Ad-Hoc|x64.Build.0 = Release|Any CPU
		{1DF41CA3-28EC-48F0-8AC8-BC93E0F65284}.Ad-Hoc|x64.Deploy.0 = Release|Any CPU
		{1DF41CA3-28EC-48F0-8AC8-BC93E0F65284}.Ad-Hoc|x86.ActiveCfg = Release|Any CPU
		{1DF41CA3-28EC-48F0-8AC8-BC93E0F65284}.Ad-Hoc|x86.Build.0 = Release|Any CPU
		{1DF41CA3-28EC-48F0-8AC8-BC93E0F65284}.Ad-Hoc|x86.Deploy.0 = Release|Any CPU
		{1DF41CA3-28EC-48F0-8AC8-BC93E0F65284}.AppStore|Any CPU.ActiveCfg = Release|Any CPU
		{1DF41CA3-28EC-48F0-8AC8-BC93E0F65284}.AppStore|Any CPU.Build.0 = Release|Any CPU
		{1DF41CA3-28EC-48F0-8AC8-BC93E0F65284}.AppStore|Any CPU.Deploy.0 = Release|Any CPU
		{1DF41CA3-28EC-48F0-8AC8-BC93E0F65284}.AppStore|ARM.ActiveCfg = Release|Any CPU
		{1DF41CA3-28EC-48F0-8AC8-BC93E0F65284}.AppStore|ARM.Build.0 = Release|Any CPU
		{1DF41CA3-28EC-48F0-8AC8-BC93E0F65284}.AppStore|ARM.Deploy.0 = Release|Any CPU
		{1DF41CA3-28EC-48F0-8AC8-BC93E0F65284}.AppStore|iPhone.ActiveCfg = Release|Any CPU
		{1DF41CA3-28EC-48F0-8AC8-BC93E0F65284}.AppStore|iPhone.Build.0 = Release|Any CPU
		{1DF41CA3-28EC-48F0-8AC8-BC93E0F65284}.AppStore|iPhone.Deploy.0 = Release|Any CPU
		{1DF41CA3-28EC-48F0-8AC8-BC93E0F65284}.AppStore|iPhoneSimulator.ActiveCfg = Release|Any CPU
		{1DF41CA3-28EC-48F0-8AC8-BC93E0F65284}.AppStore|iPhoneSimulator.Build.0 = Release|Any CPU
		{1DF41CA3-28EC-48F0-8AC8-BC93E0F65284}.AppStore|iPhoneSimulator.Deploy.0 = Release|Any CPU
		{1DF41CA3-28EC-48F0-8AC8-BC93E0F65284}.AppStore|x64.ActiveCfg = Release|Any CPU
		{1DF41CA3-28EC-48F0-8AC8-BC93E0F65284}.AppStore|x64.Build.0 = Release|Any CPU
		{1DF41CA3-28EC-48F0-8AC8-BC93E0F65284}.AppStore|x64.Deploy.0 = Release|Any CPU
		{1DF41CA3-28EC-48F0-8AC8-BC93E0F65284}.AppStore|x86.ActiveCfg = Release|Any CPU
		{1DF41CA3-28EC-48F0-8AC8-BC93E0F65284}.AppStore|x86.Build.0 = Release|Any CPU
		{1DF41CA3-28EC-48F0-8AC8-BC93E0F65284}.AppStore|x86.Deploy.0 = Release|Any CPU
		{1DF41CA3-28EC-48F0-8AC8-BC93E0F65284}.Debug|Any CPU.ActiveCfg = Debug|Any CPU
		{1DF41CA3-28EC-48F0-8AC8-BC93E0F65284}.Debug|Any CPU.Build.0 = Debug|Any CPU
		{1DF41CA3-28EC-48F0-8AC8-BC93E0F65284}.Debug|Any CPU.Deploy.0 = Debug|Any CPU
		{1DF41CA3-28EC-48F0-8AC8-BC93E0F65284}.Debug|ARM.ActiveCfg = Debug|Any CPU
		{1DF41CA3-28EC-48F0-8AC8-BC93E0F65284}.Debug|ARM.Build.0 = Debug|Any CPU
		{1DF41CA3-28EC-48F0-8AC8-BC93E0F65284}.Debug|ARM.Deploy.0 = Debug|Any CPU
		{1DF41CA3-28EC-48F0-8AC8-BC93E0F65284}.Debug|iPhone.ActiveCfg = Debug|Any CPU
		{1DF41CA3-28EC-48F0-8AC8-BC93E0F65284}.Debug|iPhone.Build.0 = Debug|Any CPU
		{1DF41CA3-28EC-48F0-8AC8-BC93E0F65284}.Debug|iPhone.Deploy.0 = Debug|Any CPU
		{1DF41CA3-28EC-48F0-8AC8-BC93E0F65284}.Debug|iPhoneSimulator.ActiveCfg = Debug|Any CPU
		{1DF41CA3-28EC-48F0-8AC8-BC93E0F65284}.Debug|iPhoneSimulator.Build.0 = Debug|Any CPU
		{1DF41CA3-28EC-48F0-8AC8-BC93E0F65284}.Debug|iPhoneSimulator.Deploy.0 = Debug|Any CPU
		{1DF41CA3-28EC-48F0-8AC8-BC93E0F65284}.Debug|x64.ActiveCfg = Debug|Any CPU
		{1DF41CA3-28EC-48F0-8AC8-BC93E0F65284}.Debug|x64.Build.0 = Debug|Any CPU
		{1DF41CA3-28EC-48F0-8AC8-BC93E0F65284}.Debug|x64.Deploy.0 = Debug|Any CPU
		{1DF41CA3-28EC-48F0-8AC8-BC93E0F65284}.Debug|x86.ActiveCfg = Debug|Any CPU
		{1DF41CA3-28EC-48F0-8AC8-BC93E0F65284}.Debug|x86.Build.0 = Debug|Any CPU
		{1DF41CA3-28EC-48F0-8AC8-BC93E0F65284}.Debug|x86.Deploy.0 = Debug|Any CPU
		{1DF41CA3-28EC-48F0-8AC8-BC93E0F65284}.Release|Any CPU.ActiveCfg = Release|Any CPU
		{1DF41CA3-28EC-48F0-8AC8-BC93E0F65284}.Release|Any CPU.Build.0 = Release|Any CPU
		{1DF41CA3-28EC-48F0-8AC8-BC93E0F65284}.Release|Any CPU.Deploy.0 = Release|Any CPU
		{1DF41CA3-28EC-48F0-8AC8-BC93E0F65284}.Release|ARM.ActiveCfg = Release|Any CPU
		{1DF41CA3-28EC-48F0-8AC8-BC93E0F65284}.Release|ARM.Build.0 = Release|Any CPU
		{1DF41CA3-28EC-48F0-8AC8-BC93E0F65284}.Release|ARM.Deploy.0 = Release|Any CPU
		{1DF41CA3-28EC-48F0-8AC8-BC93E0F65284}.Release|iPhone.ActiveCfg = Release|Any CPU
		{1DF41CA3-28EC-48F0-8AC8-BC93E0F65284}.Release|iPhone.Build.0 = Release|Any CPU
		{1DF41CA3-28EC-48F0-8AC8-BC93E0F65284}.Release|iPhone.Deploy.0 = Release|Any CPU
		{1DF41CA3-28EC-48F0-8AC8-BC93E0F65284}.Release|iPhoneSimulator.ActiveCfg = Release|Any CPU
		{1DF41CA3-28EC-48F0-8AC8-BC93E0F65284}.Release|iPhoneSimulator.Build.0 = Release|Any CPU
		{1DF41CA3-28EC-48F0-8AC8-BC93E0F65284}.Release|iPhoneSimulator.Deploy.0 = Release|Any CPU
		{1DF41CA3-28EC-48F0-8AC8-BC93E0F65284}.Release|x64.ActiveCfg = Release|Any CPU
		{1DF41CA3-28EC-48F0-8AC8-BC93E0F65284}.Release|x64.Build.0 = Release|Any CPU
		{1DF41CA3-28EC-48F0-8AC8-BC93E0F65284}.Release|x64.Deploy.0 = Release|Any CPU
		{1DF41CA3-28EC-48F0-8AC8-BC93E0F65284}.Release|x86.ActiveCfg = Release|Any CPU
		{1DF41CA3-28EC-48F0-8AC8-BC93E0F65284}.Release|x86.Build.0 = Release|Any CPU
		{1DF41CA3-28EC-48F0-8AC8-BC93E0F65284}.Release|x86.Deploy.0 = Release|Any CPU
		{066B1E98-CD69-43C9-B05F-41F28B1F36B7}.Ad-Hoc|Any CPU.ActiveCfg = Ad-Hoc|iPhone
		{066B1E98-CD69-43C9-B05F-41F28B1F36B7}.Ad-Hoc|ARM.ActiveCfg = Ad-Hoc|iPhone
		{066B1E98-CD69-43C9-B05F-41F28B1F36B7}.Ad-Hoc|iPhone.ActiveCfg = Ad-Hoc|iPhone
		{066B1E98-CD69-43C9-B05F-41F28B1F36B7}.Ad-Hoc|iPhone.Build.0 = Ad-Hoc|iPhone
		{066B1E98-CD69-43C9-B05F-41F28B1F36B7}.Ad-Hoc|iPhoneSimulator.ActiveCfg = Ad-Hoc|iPhoneSimulator
		{066B1E98-CD69-43C9-B05F-41F28B1F36B7}.Ad-Hoc|iPhoneSimulator.Build.0 = Ad-Hoc|iPhoneSimulator
		{066B1E98-CD69-43C9-B05F-41F28B1F36B7}.Ad-Hoc|x64.ActiveCfg = Ad-Hoc|iPhone
		{066B1E98-CD69-43C9-B05F-41F28B1F36B7}.Ad-Hoc|x86.ActiveCfg = Ad-Hoc|iPhone
		{066B1E98-CD69-43C9-B05F-41F28B1F36B7}.AppStore|Any CPU.ActiveCfg = AppStore|iPhone
		{066B1E98-CD69-43C9-B05F-41F28B1F36B7}.AppStore|ARM.ActiveCfg = AppStore|iPhone
		{066B1E98-CD69-43C9-B05F-41F28B1F36B7}.AppStore|iPhone.ActiveCfg = AppStore|iPhone
		{066B1E98-CD69-43C9-B05F-41F28B1F36B7}.AppStore|iPhone.Build.0 = AppStore|iPhone
		{066B1E98-CD69-43C9-B05F-41F28B1F36B7}.AppStore|iPhoneSimulator.ActiveCfg = AppStore|iPhoneSimulator
		{066B1E98-CD69-43C9-B05F-41F28B1F36B7}.AppStore|iPhoneSimulator.Build.0 = AppStore|iPhoneSimulator
		{066B1E98-CD69-43C9-B05F-41F28B1F36B7}.AppStore|x64.ActiveCfg = AppStore|iPhone
		{066B1E98-CD69-43C9-B05F-41F28B1F36B7}.AppStore|x86.ActiveCfg = AppStore|iPhone
		{066B1E98-CD69-43C9-B05F-41F28B1F36B7}.Debug|Any CPU.ActiveCfg = Debug|iPhone
		{066B1E98-CD69-43C9-B05F-41F28B1F36B7}.Debug|ARM.ActiveCfg = Debug|iPhone
		{066B1E98-CD69-43C9-B05F-41F28B1F36B7}.Debug|iPhone.ActiveCfg = Debug|iPhone
		{066B1E98-CD69-43C9-B05F-41F28B1F36B7}.Debug|iPhone.Build.0 = Debug|iPhone
		{066B1E98-CD69-43C9-B05F-41F28B1F36B7}.Debug|iPhoneSimulator.ActiveCfg = Debug|iPhoneSimulator
		{066B1E98-CD69-43C9-B05F-41F28B1F36B7}.Debug|iPhoneSimulator.Build.0 = Debug|iPhoneSimulator
		{066B1E98-CD69-43C9-B05F-41F28B1F36B7}.Debug|x64.ActiveCfg = Debug|iPhone
		{066B1E98-CD69-43C9-B05F-41F28B1F36B7}.Debug|x86.ActiveCfg = Debug|iPhone
		{066B1E98-CD69-43C9-B05F-41F28B1F36B7}.Release|Any CPU.ActiveCfg = Release|iPhone
		{066B1E98-CD69-43C9-B05F-41F28B1F36B7}.Release|ARM.ActiveCfg = Release|iPhone
		{066B1E98-CD69-43C9-B05F-41F28B1F36B7}.Release|iPhone.ActiveCfg = Release|iPhone
		{066B1E98-CD69-43C9-B05F-41F28B1F36B7}.Release|iPhone.Build.0 = Release|iPhone
		{066B1E98-CD69-43C9-B05F-41F28B1F36B7}.Release|iPhoneSimulator.ActiveCfg = Release|iPhoneSimulator
		{066B1E98-CD69-43C9-B05F-41F28B1F36B7}.Release|iPhoneSimulator.Build.0 = Release|iPhoneSimulator
		{066B1E98-CD69-43C9-B05F-41F28B1F36B7}.Release|x64.ActiveCfg = Release|iPhone
		{066B1E98-CD69-43C9-B05F-41F28B1F36B7}.Release|x86.ActiveCfg = Release|iPhone
		{C6D3DA63-6745-4C73-9E02-6596AAAEBEA8}.Ad-Hoc|Any CPU.ActiveCfg = Release|Any CPU
		{C6D3DA63-6745-4C73-9E02-6596AAAEBEA8}.Ad-Hoc|Any CPU.Build.0 = Release|Any CPU
		{C6D3DA63-6745-4C73-9E02-6596AAAEBEA8}.Ad-Hoc|Any CPU.Deploy.0 = Release|Any CPU
		{C6D3DA63-6745-4C73-9E02-6596AAAEBEA8}.Ad-Hoc|ARM.ActiveCfg = Release|ARM
		{C6D3DA63-6745-4C73-9E02-6596AAAEBEA8}.Ad-Hoc|ARM.Build.0 = Release|ARM
		{C6D3DA63-6745-4C73-9E02-6596AAAEBEA8}.Ad-Hoc|ARM.Deploy.0 = Release|ARM
		{C6D3DA63-6745-4C73-9E02-6596AAAEBEA8}.Ad-Hoc|iPhone.ActiveCfg = Release|Any CPU
		{C6D3DA63-6745-4C73-9E02-6596AAAEBEA8}.Ad-Hoc|iPhone.Build.0 = Release|Any CPU
		{C6D3DA63-6745-4C73-9E02-6596AAAEBEA8}.Ad-Hoc|iPhone.Deploy.0 = Release|Any CPU
		{C6D3DA63-6745-4C73-9E02-6596AAAEBEA8}.Ad-Hoc|iPhoneSimulator.ActiveCfg = Release|Any CPU
		{C6D3DA63-6745-4C73-9E02-6596AAAEBEA8}.Ad-Hoc|iPhoneSimulator.Build.0 = Release|Any CPU
		{C6D3DA63-6745-4C73-9E02-6596AAAEBEA8}.Ad-Hoc|iPhoneSimulator.Deploy.0 = Release|Any CPU
		{C6D3DA63-6745-4C73-9E02-6596AAAEBEA8}.Ad-Hoc|x64.ActiveCfg = Release|Any CPU
		{C6D3DA63-6745-4C73-9E02-6596AAAEBEA8}.Ad-Hoc|x64.Build.0 = Release|Any CPU
		{C6D3DA63-6745-4C73-9E02-6596AAAEBEA8}.Ad-Hoc|x64.Deploy.0 = Release|Any CPU
		{C6D3DA63-6745-4C73-9E02-6596AAAEBEA8}.Ad-Hoc|x86.ActiveCfg = Release|x86
		{C6D3DA63-6745-4C73-9E02-6596AAAEBEA8}.Ad-Hoc|x86.Build.0 = Release|x86
		{C6D3DA63-6745-4C73-9E02-6596AAAEBEA8}.Ad-Hoc|x86.Deploy.0 = Release|x86
		{C6D3DA63-6745-4C73-9E02-6596AAAEBEA8}.AppStore|Any CPU.ActiveCfg = Release|Any CPU
		{C6D3DA63-6745-4C73-9E02-6596AAAEBEA8}.AppStore|Any CPU.Build.0 = Release|Any CPU
		{C6D3DA63-6745-4C73-9E02-6596AAAEBEA8}.AppStore|Any CPU.Deploy.0 = Release|Any CPU
		{C6D3DA63-6745-4C73-9E02-6596AAAEBEA8}.AppStore|ARM.ActiveCfg = Release|ARM
		{C6D3DA63-6745-4C73-9E02-6596AAAEBEA8}.AppStore|ARM.Build.0 = Release|ARM
		{C6D3DA63-6745-4C73-9E02-6596AAAEBEA8}.AppStore|ARM.Deploy.0 = Release|ARM
		{C6D3DA63-6745-4C73-9E02-6596AAAEBEA8}.AppStore|iPhone.ActiveCfg = Release|Any CPU
		{C6D3DA63-6745-4C73-9E02-6596AAAEBEA8}.AppStore|iPhone.Build.0 = Release|Any CPU
		{C6D3DA63-6745-4C73-9E02-6596AAAEBEA8}.AppStore|iPhone.Deploy.0 = Release|Any CPU
		{C6D3DA63-6745-4C73-9E02-6596AAAEBEA8}.AppStore|iPhoneSimulator.ActiveCfg = Release|Any CPU
		{C6D3DA63-6745-4C73-9E02-6596AAAEBEA8}.AppStore|iPhoneSimulator.Build.0 = Release|Any CPU
		{C6D3DA63-6745-4C73-9E02-6596AAAEBEA8}.AppStore|iPhoneSimulator.Deploy.0 = Release|Any CPU
		{C6D3DA63-6745-4C73-9E02-6596AAAEBEA8}.AppStore|x64.ActiveCfg = Release|Any CPU
		{C6D3DA63-6745-4C73-9E02-6596AAAEBEA8}.AppStore|x64.Build.0 = Release|Any CPU
		{C6D3DA63-6745-4C73-9E02-6596AAAEBEA8}.AppStore|x64.Deploy.0 = Release|Any CPU
		{C6D3DA63-6745-4C73-9E02-6596AAAEBEA8}.AppStore|x86.ActiveCfg = Release|x86
		{C6D3DA63-6745-4C73-9E02-6596AAAEBEA8}.AppStore|x86.Build.0 = Release|x86
		{C6D3DA63-6745-4C73-9E02-6596AAAEBEA8}.AppStore|x86.Deploy.0 = Release|x86
		{C6D3DA63-6745-4C73-9E02-6596AAAEBEA8}.Debug|Any CPU.ActiveCfg = Debug|Any CPU
		{C6D3DA63-6745-4C73-9E02-6596AAAEBEA8}.Debug|Any CPU.Build.0 = Debug|Any CPU
		{C6D3DA63-6745-4C73-9E02-6596AAAEBEA8}.Debug|Any CPU.Deploy.0 = Debug|Any CPU
		{C6D3DA63-6745-4C73-9E02-6596AAAEBEA8}.Debug|ARM.ActiveCfg = Debug|ARM
		{C6D3DA63-6745-4C73-9E02-6596AAAEBEA8}.Debug|ARM.Build.0 = Debug|ARM
		{C6D3DA63-6745-4C73-9E02-6596AAAEBEA8}.Debug|ARM.Deploy.0 = Debug|ARM
		{C6D3DA63-6745-4C73-9E02-6596AAAEBEA8}.Debug|iPhone.ActiveCfg = Debug|Any CPU
		{C6D3DA63-6745-4C73-9E02-6596AAAEBEA8}.Debug|iPhone.Build.0 = Debug|Any CPU
		{C6D3DA63-6745-4C73-9E02-6596AAAEBEA8}.Debug|iPhone.Deploy.0 = Debug|Any CPU
		{C6D3DA63-6745-4C73-9E02-6596AAAEBEA8}.Debug|iPhoneSimulator.ActiveCfg = Debug|Any CPU
		{C6D3DA63-6745-4C73-9E02-6596AAAEBEA8}.Debug|iPhoneSimulator.Build.0 = Debug|Any CPU
		{C6D3DA63-6745-4C73-9E02-6596AAAEBEA8}.Debug|iPhoneSimulator.Deploy.0 = Debug|Any CPU
		{C6D3DA63-6745-4C73-9E02-6596AAAEBEA8}.Debug|x64.ActiveCfg = Debug|Any CPU
		{C6D3DA63-6745-4C73-9E02-6596AAAEBEA8}.Debug|x64.Build.0 = Debug|Any CPU
		{C6D3DA63-6745-4C73-9E02-6596AAAEBEA8}.Debug|x64.Deploy.0 = Debug|Any CPU
		{C6D3DA63-6745-4C73-9E02-6596AAAEBEA8}.Debug|x86.ActiveCfg = Debug|x86
		{C6D3DA63-6745-4C73-9E02-6596AAAEBEA8}.Debug|x86.Build.0 = Debug|x86
		{C6D3DA63-6745-4C73-9E02-6596AAAEBEA8}.Debug|x86.Deploy.0 = Debug|x86
		{C6D3DA63-6745-4C73-9E02-6596AAAEBEA8}.Release|Any CPU.ActiveCfg = Release|Any CPU
		{C6D3DA63-6745-4C73-9E02-6596AAAEBEA8}.Release|Any CPU.Build.0 = Release|Any CPU
		{C6D3DA63-6745-4C73-9E02-6596AAAEBEA8}.Release|Any CPU.Deploy.0 = Release|Any CPU
		{C6D3DA63-6745-4C73-9E02-6596AAAEBEA8}.Release|ARM.ActiveCfg = Release|ARM
		{C6D3DA63-6745-4C73-9E02-6596AAAEBEA8}.Release|ARM.Build.0 = Release|ARM
		{C6D3DA63-6745-4C73-9E02-6596AAAEBEA8}.Release|ARM.Deploy.0 = Release|ARM
		{C6D3DA63-6745-4C73-9E02-6596AAAEBEA8}.Release|iPhone.ActiveCfg = Release|Any CPU
		{C6D3DA63-6745-4C73-9E02-6596AAAEBEA8}.Release|iPhone.Build.0 = Release|Any CPU
		{C6D3DA63-6745-4C73-9E02-6596AAAEBEA8}.Release|iPhone.Deploy.0 = Release|Any CPU
		{C6D3DA63-6745-4C73-9E02-6596AAAEBEA8}.Release|iPhoneSimulator.ActiveCfg = Release|Any CPU
		{C6D3DA63-6745-4C73-9E02-6596AAAEBEA8}.Release|iPhoneSimulator.Build.0 = Release|Any CPU
		{C6D3DA63-6745-4C73-9E02-6596AAAEBEA8}.Release|iPhoneSimulator.Deploy.0 = Release|Any CPU
		{C6D3DA63-6745-4C73-9E02-6596AAAEBEA8}.Release|x64.ActiveCfg = Release|Any CPU
		{C6D3DA63-6745-4C73-9E02-6596AAAEBEA8}.Release|x64.Build.0 = Release|Any CPU
		{C6D3DA63-6745-4C73-9E02-6596AAAEBEA8}.Release|x64.Deploy.0 = Release|Any CPU
		{C6D3DA63-6745-4C73-9E02-6596AAAEBEA8}.Release|x86.ActiveCfg = Release|x86
		{C6D3DA63-6745-4C73-9E02-6596AAAEBEA8}.Release|x86.Build.0 = Release|x86
		{C6D3DA63-6745-4C73-9E02-6596AAAEBEA8}.Release|x86.Deploy.0 = Release|x86
		{007AE332-6AB5-440D-8DFB-06A6CFE95028}.Ad-Hoc|Any CPU.ActiveCfg = Release|x86
		{007AE332-6AB5-440D-8DFB-06A6CFE95028}.Ad-Hoc|Any CPU.Build.0 = Release|x86
		{007AE332-6AB5-440D-8DFB-06A6CFE95028}.Ad-Hoc|Any CPU.Deploy.0 = Release|x86
		{007AE332-6AB5-440D-8DFB-06A6CFE95028}.Ad-Hoc|ARM.ActiveCfg = Release|ARM
		{007AE332-6AB5-440D-8DFB-06A6CFE95028}.Ad-Hoc|ARM.Build.0 = Release|ARM
		{007AE332-6AB5-440D-8DFB-06A6CFE95028}.Ad-Hoc|ARM.Deploy.0 = Release|ARM
		{007AE332-6AB5-440D-8DFB-06A6CFE95028}.Ad-Hoc|iPhone.ActiveCfg = Release|x86
		{007AE332-6AB5-440D-8DFB-06A6CFE95028}.Ad-Hoc|iPhone.Build.0 = Release|x86
		{007AE332-6AB5-440D-8DFB-06A6CFE95028}.Ad-Hoc|iPhone.Deploy.0 = Release|x86
		{007AE332-6AB5-440D-8DFB-06A6CFE95028}.Ad-Hoc|iPhoneSimulator.ActiveCfg = Release|x86
		{007AE332-6AB5-440D-8DFB-06A6CFE95028}.Ad-Hoc|iPhoneSimulator.Build.0 = Release|x86
		{007AE332-6AB5-440D-8DFB-06A6CFE95028}.Ad-Hoc|iPhoneSimulator.Deploy.0 = Release|x86
		{007AE332-6AB5-440D-8DFB-06A6CFE95028}.Ad-Hoc|x64.ActiveCfg = Release|x64
		{007AE332-6AB5-440D-8DFB-06A6CFE95028}.Ad-Hoc|x64.Build.0 = Release|x64
		{007AE332-6AB5-440D-8DFB-06A6CFE95028}.Ad-Hoc|x64.Deploy.0 = Release|x64
		{007AE332-6AB5-440D-8DFB-06A6CFE95028}.Ad-Hoc|x86.ActiveCfg = Release|x86
		{007AE332-6AB5-440D-8DFB-06A6CFE95028}.Ad-Hoc|x86.Build.0 = Release|x86
		{007AE332-6AB5-440D-8DFB-06A6CFE95028}.Ad-Hoc|x86.Deploy.0 = Release|x86
		{007AE332-6AB5-440D-8DFB-06A6CFE95028}.AppStore|Any CPU.ActiveCfg = Release|x86
		{007AE332-6AB5-440D-8DFB-06A6CFE95028}.AppStore|Any CPU.Build.0 = Release|x86
		{007AE332-6AB5-440D-8DFB-06A6CFE95028}.AppStore|Any CPU.Deploy.0 = Release|x86
		{007AE332-6AB5-440D-8DFB-06A6CFE95028}.AppStore|ARM.ActiveCfg = Release|ARM
		{007AE332-6AB5-440D-8DFB-06A6CFE95028}.AppStore|ARM.Build.0 = Release|ARM
		{007AE332-6AB5-440D-8DFB-06A6CFE95028}.AppStore|ARM.Deploy.0 = Release|ARM
		{007AE332-6AB5-440D-8DFB-06A6CFE95028}.AppStore|iPhone.ActiveCfg = Release|x86
		{007AE332-6AB5-440D-8DFB-06A6CFE95028}.AppStore|iPhone.Build.0 = Release|x86
		{007AE332-6AB5-440D-8DFB-06A6CFE95028}.AppStore|iPhone.Deploy.0 = Release|x86
		{007AE332-6AB5-440D-8DFB-06A6CFE95028}.AppStore|iPhoneSimulator.ActiveCfg = Release|x86
		{007AE332-6AB5-440D-8DFB-06A6CFE95028}.AppStore|iPhoneSimulator.Build.0 = Release|x86
		{007AE332-6AB5-440D-8DFB-06A6CFE95028}.AppStore|iPhoneSimulator.Deploy.0 = Release|x86
		{007AE332-6AB5-440D-8DFB-06A6CFE95028}.AppStore|x64.ActiveCfg = Release|x64
		{007AE332-6AB5-440D-8DFB-06A6CFE95028}.AppStore|x64.Build.0 = Release|x64
		{007AE332-6AB5-440D-8DFB-06A6CFE95028}.AppStore|x64.Deploy.0 = Release|x64
		{007AE332-6AB5-440D-8DFB-06A6CFE95028}.AppStore|x86.ActiveCfg = Release|x86
		{007AE332-6AB5-440D-8DFB-06A6CFE95028}.AppStore|x86.Build.0 = Release|x86
		{007AE332-6AB5-440D-8DFB-06A6CFE95028}.AppStore|x86.Deploy.0 = Release|x86
		{007AE332-6AB5-440D-8DFB-06A6CFE95028}.Debug|Any CPU.ActiveCfg = Debug|x86
		{007AE332-6AB5-440D-8DFB-06A6CFE95028}.Debug|ARM.ActiveCfg = Debug|ARM
		{007AE332-6AB5-440D-8DFB-06A6CFE95028}.Debug|ARM.Build.0 = Debug|ARM
		{007AE332-6AB5-440D-8DFB-06A6CFE95028}.Debug|ARM.Deploy.0 = Debug|ARM
		{007AE332-6AB5-440D-8DFB-06A6CFE95028}.Debug|iPhone.ActiveCfg = Debug|x86
		{007AE332-6AB5-440D-8DFB-06A6CFE95028}.Debug|iPhoneSimulator.ActiveCfg = Debug|x86
		{007AE332-6AB5-440D-8DFB-06A6CFE95028}.Debug|x64.ActiveCfg = Debug|x64
		{007AE332-6AB5-440D-8DFB-06A6CFE95028}.Debug|x64.Build.0 = Debug|x64
		{007AE332-6AB5-440D-8DFB-06A6CFE95028}.Debug|x64.Deploy.0 = Debug|x64
		{007AE332-6AB5-440D-8DFB-06A6CFE95028}.Debug|x86.ActiveCfg = Debug|x86
		{007AE332-6AB5-440D-8DFB-06A6CFE95028}.Debug|x86.Build.0 = Debug|x86
		{007AE332-6AB5-440D-8DFB-06A6CFE95028}.Debug|x86.Deploy.0 = Debug|x86
		{007AE332-6AB5-440D-8DFB-06A6CFE95028}.Release|Any CPU.ActiveCfg = Release|x86
		{007AE332-6AB5-440D-8DFB-06A6CFE95028}.Release|ARM.ActiveCfg = Release|ARM
		{007AE332-6AB5-440D-8DFB-06A6CFE95028}.Release|ARM.Build.0 = Release|ARM
		{007AE332-6AB5-440D-8DFB-06A6CFE95028}.Release|ARM.Deploy.0 = Release|ARM
		{007AE332-6AB5-440D-8DFB-06A6CFE95028}.Release|iPhone.ActiveCfg = Release|x86
		{007AE332-6AB5-440D-8DFB-06A6CFE95028}.Release|iPhoneSimulator.ActiveCfg = Release|x86
		{007AE332-6AB5-440D-8DFB-06A6CFE95028}.Release|x64.ActiveCfg = Release|x64
		{007AE332-6AB5-440D-8DFB-06A6CFE95028}.Release|x64.Build.0 = Release|x64
		{007AE332-6AB5-440D-8DFB-06A6CFE95028}.Release|x64.Deploy.0 = Release|x64
		{007AE332-6AB5-440D-8DFB-06A6CFE95028}.Release|x86.ActiveCfg = Release|x86
		{007AE332-6AB5-440D-8DFB-06A6CFE95028}.Release|x86.Build.0 = Release|x86
		{007AE332-6AB5-440D-8DFB-06A6CFE95028}.Release|x86.Deploy.0 = Release|x86
		{BA26A672-00DE-43DB-BC68-1AB73885292C}.Ad-Hoc|Any CPU.ActiveCfg = Release|Any CPU
		{BA26A672-00DE-43DB-BC68-1AB73885292C}.Ad-Hoc|Any CPU.Build.0 = Release|Any CPU
		{BA26A672-00DE-43DB-BC68-1AB73885292C}.Ad-Hoc|Any CPU.Deploy.0 = Release|Any CPU
		{BA26A672-00DE-43DB-BC68-1AB73885292C}.Ad-Hoc|ARM.ActiveCfg = Release|ARM
		{BA26A672-00DE-43DB-BC68-1AB73885292C}.Ad-Hoc|ARM.Build.0 = Release|ARM
		{BA26A672-00DE-43DB-BC68-1AB73885292C}.Ad-Hoc|ARM.Deploy.0 = Release|ARM
		{BA26A672-00DE-43DB-BC68-1AB73885292C}.Ad-Hoc|iPhone.ActiveCfg = Release|Any CPU
		{BA26A672-00DE-43DB-BC68-1AB73885292C}.Ad-Hoc|iPhone.Build.0 = Release|Any CPU
		{BA26A672-00DE-43DB-BC68-1AB73885292C}.Ad-Hoc|iPhone.Deploy.0 = Release|Any CPU
		{BA26A672-00DE-43DB-BC68-1AB73885292C}.Ad-Hoc|iPhoneSimulator.ActiveCfg = Release|Any CPU
		{BA26A672-00DE-43DB-BC68-1AB73885292C}.Ad-Hoc|iPhoneSimulator.Build.0 = Release|Any CPU
		{BA26A672-00DE-43DB-BC68-1AB73885292C}.Ad-Hoc|iPhoneSimulator.Deploy.0 = Release|Any CPU
		{BA26A672-00DE-43DB-BC68-1AB73885292C}.Ad-Hoc|x64.ActiveCfg = Release|x64
		{BA26A672-00DE-43DB-BC68-1AB73885292C}.Ad-Hoc|x64.Build.0 = Release|x64
		{BA26A672-00DE-43DB-BC68-1AB73885292C}.Ad-Hoc|x64.Deploy.0 = Release|x64
		{BA26A672-00DE-43DB-BC68-1AB73885292C}.Ad-Hoc|x86.ActiveCfg = Release|x86
		{BA26A672-00DE-43DB-BC68-1AB73885292C}.Ad-Hoc|x86.Build.0 = Release|x86
		{BA26A672-00DE-43DB-BC68-1AB73885292C}.Ad-Hoc|x86.Deploy.0 = Release|x86
		{BA26A672-00DE-43DB-BC68-1AB73885292C}.AppStore|Any CPU.ActiveCfg = Release|Any CPU
		{BA26A672-00DE-43DB-BC68-1AB73885292C}.AppStore|Any CPU.Build.0 = Release|Any CPU
		{BA26A672-00DE-43DB-BC68-1AB73885292C}.AppStore|Any CPU.Deploy.0 = Release|Any CPU
		{BA26A672-00DE-43DB-BC68-1AB73885292C}.AppStore|ARM.ActiveCfg = Release|ARM
		{BA26A672-00DE-43DB-BC68-1AB73885292C}.AppStore|ARM.Build.0 = Release|ARM
		{BA26A672-00DE-43DB-BC68-1AB73885292C}.AppStore|ARM.Deploy.0 = Release|ARM
		{BA26A672-00DE-43DB-BC68-1AB73885292C}.AppStore|iPhone.ActiveCfg = Release|Any CPU
		{BA26A672-00DE-43DB-BC68-1AB73885292C}.AppStore|iPhone.Build.0 = Release|Any CPU
		{BA26A672-00DE-43DB-BC68-1AB73885292C}.AppStore|iPhone.Deploy.0 = Release|Any CPU
		{BA26A672-00DE-43DB-BC68-1AB73885292C}.AppStore|iPhoneSimulator.ActiveCfg = Release|Any CPU
		{BA26A672-00DE-43DB-BC68-1AB73885292C}.AppStore|iPhoneSimulator.Build.0 = Release|Any CPU
		{BA26A672-00DE-43DB-BC68-1AB73885292C}.AppStore|iPhoneSimulator.Deploy.0 = Release|Any CPU
		{BA26A672-00DE-43DB-BC68-1AB73885292C}.AppStore|x64.ActiveCfg = Release|x64
		{BA26A672-00DE-43DB-BC68-1AB73885292C}.AppStore|x64.Build.0 = Release|x64
		{BA26A672-00DE-43DB-BC68-1AB73885292C}.AppStore|x64.Deploy.0 = Release|x64
		{BA26A672-00DE-43DB-BC68-1AB73885292C}.AppStore|x86.ActiveCfg = Release|x86
		{BA26A672-00DE-43DB-BC68-1AB73885292C}.AppStore|x86.Build.0 = Release|x86
		{BA26A672-00DE-43DB-BC68-1AB73885292C}.AppStore|x86.Deploy.0 = Release|x86
		{BA26A672-00DE-43DB-BC68-1AB73885292C}.Debug|Any CPU.ActiveCfg = Debug|Any CPU
		{BA26A672-00DE-43DB-BC68-1AB73885292C}.Debug|Any CPU.Build.0 = Debug|Any CPU
		{BA26A672-00DE-43DB-BC68-1AB73885292C}.Debug|Any CPU.Deploy.0 = Debug|Any CPU
		{BA26A672-00DE-43DB-BC68-1AB73885292C}.Debug|ARM.ActiveCfg = Debug|ARM
		{BA26A672-00DE-43DB-BC68-1AB73885292C}.Debug|ARM.Build.0 = Debug|ARM
		{BA26A672-00DE-43DB-BC68-1AB73885292C}.Debug|ARM.Deploy.0 = Debug|ARM
		{BA26A672-00DE-43DB-BC68-1AB73885292C}.Debug|iPhone.ActiveCfg = Debug|Any CPU
		{BA26A672-00DE-43DB-BC68-1AB73885292C}.Debug|iPhone.Build.0 = Debug|Any CPU
		{BA26A672-00DE-43DB-BC68-1AB73885292C}.Debug|iPhone.Deploy.0 = Debug|Any CPU
		{BA26A672-00DE-43DB-BC68-1AB73885292C}.Debug|iPhoneSimulator.ActiveCfg = Debug|Any CPU
		{BA26A672-00DE-43DB-BC68-1AB73885292C}.Debug|iPhoneSimulator.Build.0 = Debug|Any CPU
		{BA26A672-00DE-43DB-BC68-1AB73885292C}.Debug|iPhoneSimulator.Deploy.0 = Debug|Any CPU
		{BA26A672-00DE-43DB-BC68-1AB73885292C}.Debug|x64.ActiveCfg = Debug|x64
		{BA26A672-00DE-43DB-BC68-1AB73885292C}.Debug|x64.Build.0 = Debug|x64
		{BA26A672-00DE-43DB-BC68-1AB73885292C}.Debug|x64.Deploy.0 = Debug|x64
		{BA26A672-00DE-43DB-BC68-1AB73885292C}.Debug|x86.ActiveCfg = Debug|x86
		{BA26A672-00DE-43DB-BC68-1AB73885292C}.Debug|x86.Build.0 = Debug|x86
		{BA26A672-00DE-43DB-BC68-1AB73885292C}.Debug|x86.Deploy.0 = Debug|x86
		{BA26A672-00DE-43DB-BC68-1AB73885292C}.Release|Any CPU.ActiveCfg = Release|Any CPU
		{BA26A672-00DE-43DB-BC68-1AB73885292C}.Release|Any CPU.Build.0 = Release|Any CPU
		{BA26A672-00DE-43DB-BC68-1AB73885292C}.Release|Any CPU.Deploy.0 = Release|Any CPU
		{BA26A672-00DE-43DB-BC68-1AB73885292C}.Release|ARM.ActiveCfg = Release|ARM
		{BA26A672-00DE-43DB-BC68-1AB73885292C}.Release|ARM.Build.0 = Release|ARM
		{BA26A672-00DE-43DB-BC68-1AB73885292C}.Release|ARM.Deploy.0 = Release|ARM
		{BA26A672-00DE-43DB-BC68-1AB73885292C}.Release|iPhone.ActiveCfg = Release|Any CPU
		{BA26A672-00DE-43DB-BC68-1AB73885292C}.Release|iPhone.Build.0 = Release|Any CPU
		{BA26A672-00DE-43DB-BC68-1AB73885292C}.Release|iPhone.Deploy.0 = Release|Any CPU
		{BA26A672-00DE-43DB-BC68-1AB73885292C}.Release|iPhoneSimulator.ActiveCfg = Release|Any CPU
		{BA26A672-00DE-43DB-BC68-1AB73885292C}.Release|iPhoneSimulator.Build.0 = Release|Any CPU
		{BA26A672-00DE-43DB-BC68-1AB73885292C}.Release|iPhoneSimulator.Deploy.0 = Release|Any CPU
		{BA26A672-00DE-43DB-BC68-1AB73885292C}.Release|x64.ActiveCfg = Release|x64
		{BA26A672-00DE-43DB-BC68-1AB73885292C}.Release|x64.Build.0 = Release|x64
		{BA26A672-00DE-43DB-BC68-1AB73885292C}.Release|x64.Deploy.0 = Release|x64
		{BA26A672-00DE-43DB-BC68-1AB73885292C}.Release|x86.ActiveCfg = Release|x86
		{BA26A672-00DE-43DB-BC68-1AB73885292C}.Release|x86.Build.0 = Release|x86
		{BA26A672-00DE-43DB-BC68-1AB73885292C}.Release|x86.Deploy.0 = Release|x86
		{1AFBDA72-F09A-4B41-8A76-95AD33D0C322}.Ad-Hoc|Any CPU.ActiveCfg = Release|Any CPU
		{1AFBDA72-F09A-4B41-8A76-95AD33D0C322}.Ad-Hoc|Any CPU.Build.0 = Release|Any CPU
		{1AFBDA72-F09A-4B41-8A76-95AD33D0C322}.Ad-Hoc|ARM.ActiveCfg = Release|Any CPU
		{1AFBDA72-F09A-4B41-8A76-95AD33D0C322}.Ad-Hoc|ARM.Build.0 = Release|Any CPU
		{1AFBDA72-F09A-4B41-8A76-95AD33D0C322}.Ad-Hoc|iPhone.ActiveCfg = Release|Any CPU
		{1AFBDA72-F09A-4B41-8A76-95AD33D0C322}.Ad-Hoc|iPhone.Build.0 = Release|Any CPU
		{1AFBDA72-F09A-4B41-8A76-95AD33D0C322}.Ad-Hoc|iPhoneSimulator.ActiveCfg = Release|Any CPU
		{1AFBDA72-F09A-4B41-8A76-95AD33D0C322}.Ad-Hoc|iPhoneSimulator.Build.0 = Release|Any CPU
		{1AFBDA72-F09A-4B41-8A76-95AD33D0C322}.Ad-Hoc|x64.ActiveCfg = Release|Any CPU
		{1AFBDA72-F09A-4B41-8A76-95AD33D0C322}.Ad-Hoc|x64.Build.0 = Release|Any CPU
		{1AFBDA72-F09A-4B41-8A76-95AD33D0C322}.Ad-Hoc|x86.ActiveCfg = Release|Any CPU
		{1AFBDA72-F09A-4B41-8A76-95AD33D0C322}.Ad-Hoc|x86.Build.0 = Release|Any CPU
		{1AFBDA72-F09A-4B41-8A76-95AD33D0C322}.AppStore|Any CPU.ActiveCfg = Release|Any CPU
		{1AFBDA72-F09A-4B41-8A76-95AD33D0C322}.AppStore|Any CPU.Build.0 = Release|Any CPU
		{1AFBDA72-F09A-4B41-8A76-95AD33D0C322}.AppStore|ARM.ActiveCfg = Release|Any CPU
		{1AFBDA72-F09A-4B41-8A76-95AD33D0C322}.AppStore|ARM.Build.0 = Release|Any CPU
		{1AFBDA72-F09A-4B41-8A76-95AD33D0C322}.AppStore|iPhone.ActiveCfg = Release|Any CPU
		{1AFBDA72-F09A-4B41-8A76-95AD33D0C322}.AppStore|iPhone.Build.0 = Release|Any CPU
		{1AFBDA72-F09A-4B41-8A76-95AD33D0C322}.AppStore|iPhoneSimulator.ActiveCfg = Release|Any CPU
		{1AFBDA72-F09A-4B41-8A76-95AD33D0C322}.AppStore|iPhoneSimulator.Build.0 = Release|Any CPU
		{1AFBDA72-F09A-4B41-8A76-95AD33D0C322}.AppStore|x64.ActiveCfg = Release|Any CPU
		{1AFBDA72-F09A-4B41-8A76-95AD33D0C322}.AppStore|x64.Build.0 = Release|Any CPU
		{1AFBDA72-F09A-4B41-8A76-95AD33D0C322}.AppStore|x86.ActiveCfg = Release|Any CPU
		{1AFBDA72-F09A-4B41-8A76-95AD33D0C322}.AppStore|x86.Build.0 = Release|Any CPU
		{1AFBDA72-F09A-4B41-8A76-95AD33D0C322}.Debug|Any CPU.ActiveCfg = Debug|Any CPU
		{1AFBDA72-F09A-4B41-8A76-95AD33D0C322}.Debug|Any CPU.Build.0 = Debug|Any CPU
		{1AFBDA72-F09A-4B41-8A76-95AD33D0C322}.Debug|ARM.ActiveCfg = Debug|Any CPU
		{1AFBDA72-F09A-4B41-8A76-95AD33D0C322}.Debug|ARM.Build.0 = Debug|Any CPU
		{1AFBDA72-F09A-4B41-8A76-95AD33D0C322}.Debug|iPhone.ActiveCfg = Debug|Any CPU
		{1AFBDA72-F09A-4B41-8A76-95AD33D0C322}.Debug|iPhone.Build.0 = Debug|Any CPU
		{1AFBDA72-F09A-4B41-8A76-95AD33D0C322}.Debug|iPhoneSimulator.ActiveCfg = Debug|Any CPU
		{1AFBDA72-F09A-4B41-8A76-95AD33D0C322}.Debug|iPhoneSimulator.Build.0 = Debug|Any CPU
		{1AFBDA72-F09A-4B41-8A76-95AD33D0C322}.Debug|x64.ActiveCfg = Debug|Any CPU
		{1AFBDA72-F09A-4B41-8A76-95AD33D0C322}.Debug|x64.Build.0 = Debug|Any CPU
		{1AFBDA72-F09A-4B41-8A76-95AD33D0C322}.Debug|x86.ActiveCfg = Debug|Any CPU
		{1AFBDA72-F09A-4B41-8A76-95AD33D0C322}.Debug|x86.Build.0 = Debug|Any CPU
		{1AFBDA72-F09A-4B41-8A76-95AD33D0C322}.Release|Any CPU.ActiveCfg = Release|Any CPU
		{1AFBDA72-F09A-4B41-8A76-95AD33D0C322}.Release|Any CPU.Build.0 = Release|Any CPU
		{1AFBDA72-F09A-4B41-8A76-95AD33D0C322}.Release|ARM.ActiveCfg = Release|Any CPU
		{1AFBDA72-F09A-4B41-8A76-95AD33D0C322}.Release|ARM.Build.0 = Release|Any CPU
		{1AFBDA72-F09A-4B41-8A76-95AD33D0C322}.Release|iPhone.ActiveCfg = Release|Any CPU
		{1AFBDA72-F09A-4B41-8A76-95AD33D0C322}.Release|iPhone.Build.0 = Release|Any CPU
		{1AFBDA72-F09A-4B41-8A76-95AD33D0C322}.Release|iPhoneSimulator.ActiveCfg = Release|Any CPU
		{1AFBDA72-F09A-4B41-8A76-95AD33D0C322}.Release|iPhoneSimulator.Build.0 = Release|Any CPU
		{1AFBDA72-F09A-4B41-8A76-95AD33D0C322}.Release|x64.ActiveCfg = Release|Any CPU
		{1AFBDA72-F09A-4B41-8A76-95AD33D0C322}.Release|x64.Build.0 = Release|Any CPU
		{1AFBDA72-F09A-4B41-8A76-95AD33D0C322}.Release|x86.ActiveCfg = Release|Any CPU
		{1AFBDA72-F09A-4B41-8A76-95AD33D0C322}.Release|x86.Build.0 = Release|Any CPU
	EndGlobalSection
	GlobalSection(SolutionProperties) = preSolution
		HideSolutionNode = FALSE
	EndGlobalSection
EndGlobal
